
Microsoft Visual Studio Solution File, Format Version 12.00
# Visual Studio Version 17
VisualStudioVersion = 17.1.32421.90
MinimumVisualStudioVersion = 10.0.40219.1
Project("{FAE04EC0-301F-11D3-BF4B-00C04F79EFBC}") = "CMPG223_Booking", "CMPG223_Booking\CMPG223_Booking.csproj", "{62AA52D6-7275-4C36-AD8E-200F05F85919}"
EndProject
Global
	GlobalSection(SolutionConfigurationPlatforms) = preSolution
		Debug|Any CPU = Debug|Any CPU
		Release|Any CPU = Release|Any CPU
	EndGlobalSection
	GlobalSection(ProjectConfigurationPlatforms) = postSolution
		{62AA52D6-7275-4C36-AD8E-200F05F85919}.Debug|Any CPU.ActiveCfg = Debug|Any CPU
		{62AA52D6-7275-4C36-AD8E-200F05F85919}.Debug|Any CPU.Build.0 = Debug|Any CPU
		{62AA52D6-7275-4C36-AD8E-200F05F85919}.Release|Any CPU.ActiveCfg = Release|Any CPU
		{62AA52D6-7275-4C36-AD8E-200F05F85919}.Release|Any CPU.Build.0 = Release|Any CPU
	EndGlobalSection
	GlobalSection(SolutionProperties) = preSolution
		HideSolutionNode = FALSE
	EndGlobalSection
	GlobalSection(ExtensibilityGlobals) = postSolution
		SolutionGuid = {330D8D0C-186F-4F70-AFB4-B83FA9C26448}
	EndGlobalSection
EndGlobal
